# @generated - this file is auto-generated by `mise lock` https://mise.jdx.dev/dev-tools/mise-lock.html

[[tools.actionlint]]
version = "1.7.11"
backend = "aqua:rhysd/actionlint"

[tools.actionlint."platforms.linux-arm64"]
checksum = "sha256:21bc0dfb57a913fe175298c2a9e906ee630f747cb66d0a934d0d4b69f4ee1235"
url = "https://github.com/rhysd/actionlint/releases/download/v1.7.11/actionlint_1.7.11_linux_arm64.tar.gz"

[tools.actionlint."platforms.linux-x64"]
checksum = "sha256:900919a84f2229bac68ca9cd4103ea297abc35e9689ebb842c6e34a3d1b01b0a"
url = "https://github.com/rhysd/actionlint/releases/download/v1.7.11/actionlint_1.7.11_linux_amd64.tar.gz"

[tools.actionlint."platforms.macos-arm64"]
checksum = "sha256:a21ba7366d8329e7223faee0ed69eb13da27fe8acabb356bb7eb0b7f1e1cb6d8"
url = "https://github.com/rhysd/actionlint/releases/download/v1.7.11/actionlint_1.7.11_darwin_arm64.tar.gz"

[tools.actionlint."platforms.macos-x64"]
checksum = "sha256:17ffc17fed8f0258ef6ad4aed932d3272464c7ef7d64e1cb0d65aa97c9752107"
url = "https://github.com/rhysd/actionlint/releases/download/v1.7.11/actionlint_1.7.11_darwin_amd64.tar.gz"

[tools.actionlint."platforms.windows-x64"]
checksum = "sha256:5414b7124a91f4b5abee62e5c9d84802237734f8d15b9b7032732a32c3ebffa3"
url = "https://github.com/rhysd/actionlint/releases/download/v1.7.11/actionlint_1.7.11_windows_amd64.zip"

[[tools."github:WebAssembly/binaryen"]]
version = "ersion_126"
backend = "github:WebAssembly/binaryen"

[tools."github:WebAssembly/binaryen"."platforms.linux-arm64"]
checksum = "sha256:4013cbcee8928abca015884e3f89d01804f6e1d9f40a4ea01dcdd0aba3e609f5"
url = "https://github.com/WebAssembly/binaryen/releases/download/version_126/binaryen-version_126-aarch64-linux.tar.gz"
url_api = "https://api.github.com/repos/WebAssembly/binaryen/releases/assets/355561172"

[tools."github:WebAssembly/binaryen"."platforms.linux-arm64-musl"]
checksum = "sha256:4013cbcee8928abca015884e3f89d01804f6e1d9f40a4ea01dcdd0aba3e609f5"
url = "https://github.com/WebAssembly/binaryen/releases/download/version_126/binaryen-version_126-aarch64-linux.tar.gz"
url_api = "https://api.github.com/repos/WebAssembly/binaryen/releases/assets/355561172"

[tools."github:WebAssembly/binaryen"."platforms.linux-x64"]
checksum = "sha256:e487e0eac1f02a6739816c617270b033e5d3f8ca90439301fd0286460322fd76"
url = "https://github.com/WebAssembly/binaryen/releases/download/version_126/binaryen-version_126-x86_64-linux.tar.gz"
url_api = "https://api.github.com/repos/WebAssembly/binaryen/releases/assets/355563725"

[tools."github:WebAssembly/binaryen"."platforms.linux-x64-musl"]
checksum = "sha256:e487e0eac1f02a6739816c617270b033e5d3f8ca90439301fd0286460322fd76"
url = "https://github.com/WebAssembly/binaryen/releases/download/version_126/binaryen-version_126-x86_64-linux.tar.gz"
url_api = "https://api.github.com/repos/WebAssembly/binaryen/releases/assets/355563725"

[tools."github:WebAssembly/binaryen"."platforms.macos-arm64"]
checksum = "sha256:3f1e1379894944531501a8ccc6b59c57f0c7a00fc136dd933f8a6b0c53515a88"
url = "https://github.com/WebAssembly/binaryen/releases/download/version_126/binaryen-version_126-arm64-macos.tar.gz"
url_api = "https://api.github.com/repos/WebAssembly/binaryen/releases/assets/355561656"

[tools."github:WebAssembly/binaryen"."platforms.macos-x64"]
checksum = "sha256:2468ea868f3dd197dc756ded32270536ad27ff35a7ec67f3a5e3649f515daa06"
url = "https://github.com/WebAssembly/binaryen/releases/download/version_126/binaryen-version_126-x86_64-macos.tar.gz"
url_api = "https://api.github.com/repos/WebAssembly/binaryen/releases/assets/355561658"

[tools."github:WebAssembly/binaryen"."platforms.windows-x64"]
checksum = "sha256:88dd0d0c5904042ae4c6585a5dc05ced908e9a6ecc248d9ff40497f3e6687c65"
url = "https://github.com/WebAssembly/binaryen/releases/download/version_126/binaryen-version_126-x86_64-windows.tar.gz"
url_api = "https://api.github.com/repos/WebAssembly/binaryen/releases/assets/355562559"

[[tools.hadolint]]
version = "2.14.0"
backend = "aqua:hadolint/hadolint"

[tools.hadolint."platforms.linux-arm64"]
checksum = "sha256:331f1d3511b84a4f1e3d18d52fec284723e4019552f4f47b19322a53ce9a40ed"
url = "https://github.com/hadolint/hadolint/releases/download/v2.14.0/hadolint-linux-arm64"

[tools.hadolint."platforms.linux-x64"]
checksum = "sha256:6bf226944684f56c84dd014e8b979d27425c0148f61b3bd99bcc6f39e9dc5a47"
url = "https://github.com/hadolint/hadolint/releases/download/v2.14.0/hadolint-linux-x86_64"

[tools.hadolint."platforms.macos-arm64"]
checksum = "sha256:3625e2e9f43dcfe7bd38738a5f5520ed50ce39ed28485266e6803dd7bc197b10"
url = "https://github.com/hadolint/hadolint/releases/download/v2.14.0/hadolint-macos-arm64"

[tools.hadolint."platforms.macos-x64"]
checksum = "sha256:2b69a853433f1eca522ffb921cd490bd1321424d03331fd8390f93b7fb4a02e9"
url = "https://github.com/hadolint/hadolint/releases/download/v2.14.0/hadolint-macos-x86_64"

[tools.hadolint."platforms.windows-x64"]
checksum = "sha256:8e0ee174f88edb14f207a68430c7a53c2883ed509cdbde9a3a26fffa140fa5e4"
url = "https://github.com/hadolint/hadolint/releases/download/v2.14.0/hadolint-windows-x86_64.exe"

[[tools.hk]]
version = "1.38.0"
backend = "aqua:jdx/hk"

[tools.hk."platforms.linux-arm64"]
checksum = "sha256:c012fea4a0cd9659088c10601c3ae085c5ac4407eeeaa442ced1913a5f26f8a7"
url = "https://github.com/jdx/hk/releases/download/v1.38.0/hk-aarch64-unknown-linux-gnu.tar.gz"

[tools.hk."platforms.linux-arm64-musl"]
checksum = "sha256:c012fea4a0cd9659088c10601c3ae085c5ac4407eeeaa442ced1913a5f26f8a7"
url = "https://github.com/jdx/hk/releases/download/v1.38.0/hk-aarch64-unknown-linux-gnu.tar.gz"

[tools.hk."platforms.linux-x64"]
checksum = "sha256:cb34efc1829a1d59c0cd526be494a9f01b36d1c9965087cff09a09f32d129431"
url = "https://github.com/jdx/hk/releases/download/v1.38.0/hk-x86_64-unknown-linux-gnu.tar.gz"

[tools.hk."platforms.linux-x64-musl"]
checksum = "sha256:cb34efc1829a1d59c0cd526be494a9f01b36d1c9965087cff09a09f32d129431"
url = "https://github.com/jdx/hk/releases/download/v1.38.0/hk-x86_64-unknown-linux-gnu.tar.gz"

[tools.hk."platforms.macos-arm64"]
checksum = "sha256:02421d12f8a706d5753eec1652f966c8df90bf810e4153b3a560f4038c784529"
url = "https://github.com/jdx/hk/releases/download/v1.38.0/hk-aarch64-apple-darwin.tar.gz"

[tools.hk."platforms.windows-x64"]
checksum = "sha256:3850e253ebe3b13b6932e951606eafe56801031c663437d656a49dc0ab9fdbf4"
url = "https://github.com/jdx/hk/releases/download/v1.38.0/hk-x86_64-pc-windows-msvc.zip"

[[tools.node]]
version = "25.8.0"
backend = "core:node"

[tools.node."platforms.linux-arm64"]
checksum = "sha256:54c128f5286a4392a1fd1c765729b074a6873abff8a4f9bb3d63d571c2855e41"
url = "https://nodejs.org/dist/v25.8.0/node-v25.8.0-linux-arm64.tar.gz"

[tools.node."platforms.linux-arm64-musl"]
checksum = "sha256:54c128f5286a4392a1fd1c765729b074a6873abff8a4f9bb3d63d571c2855e41"
url = "https://nodejs.org/dist/v25.8.0/node-v25.8.0-linux-arm64.tar.gz"

[tools.node."platforms.linux-x64"]
checksum = "sha256:2ae6f70d74a459c0a96456e486dc60f3e7e65d7752ad302771834e58b27500af"
url = "https://nodejs.org/dist/v25.8.0/node-v25.8.0-linux-x64.tar.gz"

[tools.node."platforms.linux-x64-musl"]
checksum = "sha256:2ae6f70d74a459c0a96456e486dc60f3e7e65d7752ad302771834e58b27500af"
url = "https://nodejs.org/dist/v25.8.0/node-v25.8.0-linux-x64.tar.gz"

[tools.node."platforms.macos-arm64"]
checksum = "sha256:75ff6fd07e0a85fb4d2529f6189c996014b1d3d83180c31e65feb2b3eaeec5d9"
url = "https://nodejs.org/dist/v25.8.0/node-v25.8.0-darwin-arm64.tar.gz"

[tools.node."platforms.macos-x64"]
checksum = "sha256:03fb559600c3ede0228d8b588ac6ad8b7b2cd0bac9422b56e7e2ef7f5c11b67c"
url = "https://nodejs.org/dist/v25.8.0/node-v25.8.0-darwin-x64.tar.gz"

[tools.node."platforms.windows-x64"]
checksum = "sha256:5744746371a417179a701044739b5fa2b3164e943aa57f86059fb312f8032e86"
url = "https://nodejs.org/dist/v25.8.0/node-v25.8.0-win-x64.zip"

[[tools.pkl]]
version = "0.31.0"
backend = "aqua:apple/pkl"

[tools.pkl."platforms.linux-arm64"]
checksum = "sha256:471460cdd11e1cb9ac0a5401fdb05277ae3adb3a4573cc0a9c63ee087c1f93c8"
url = "https://github.com/apple/pkl/releases/download/0.31.0/pkl-linux-aarch64"

[tools.pkl."platforms.linux-x64"]
checksum = "sha256:5a5c2a889b68ca92ff4258f9d277f92412b98dfef5057daef7564202a20870b6"
url = "https://github.com/apple/pkl/releases/download/0.31.0/pkl-linux-amd64"

[tools.pkl."platforms.macos-arm64"]
checksum = "sha256:349402ae32c35382c034b0c0af744ffb0d53a213888c44deec94a7810e144889"
url = "https://github.com/apple/pkl/releases/download/0.31.0/pkl-macos-aarch64"

[tools.pkl."platforms.macos-x64"]
checksum = "sha256:9f1cc8e3ac2327bc483b90d0c220da20eb785c3ba3fe92e021f47d3d56768282"
url = "https://github.com/apple/pkl/releases/download/0.31.0/pkl-macos-amd64"

[tools.pkl."platforms.windows-x64"]
checksum = "sha256:37d35ce8a165766502fb13799071d4cefa84d39fb455c75c471b47b9b5d12b04"
url = "https://github.com/apple/pkl/releases/download/0.31.0/pkl-windows-amd64.exe"

[[tools.rust]]
version = "1.94.0"
backend = "core:rust"

[[tools.shellcheck]]
version = "0.11.0"
backend = "aqua:koalaman/shellcheck"

[tools.shellcheck."platforms.linux-arm64"]
checksum = "sha256:12b331c1d2db6b9eb13cfca64306b1b157a86eb69db83023e261eaa7e7c14588"
url = "https://github.com/koalaman/shellcheck/releases/download/v0.11.0/shellcheck-v0.11.0.linux.aarch64.tar.xz"

[tools.shellcheck."platforms.linux-x64"]
checksum = "sha256:8c3be12b05d5c177a04c29e3c78ce89ac86f1595681cab149b65b97c4e227198"
url = "https://github.com/koalaman/shellcheck/releases/download/v0.11.0/shellcheck-v0.11.0.linux.x86_64.tar.xz"

[tools.shellcheck."platforms.macos-arm64"]
checksum = "sha256:56affdd8de5527894dca6dc3d7e0a99a873b0f004d7aabc30ae407d3f48b0a79"
url = "https://github.com/koalaman/shellcheck/releases/download/v0.11.0/shellcheck-v0.11.0.darwin.aarch64.tar.xz"

[tools.shellcheck."platforms.macos-x64"]
checksum = "sha256:3c89db4edcab7cf1c27bff178882e0f6f27f7afdf54e859fa041fca10febe4c6"
url = "https://github.com/koalaman/shellcheck/releases/download/v0.11.0/shellcheck-v0.11.0.darwin.x86_64.tar.xz"

[tools.shellcheck."platforms.windows-x64"]
checksum = "sha256:8a4e35ab0b331c85d73567b12f2a444df187f483e5079ceffa6bda1faa2e740e"
url = "https://github.com/koalaman/shellcheck/releases/download/v0.11.0/shellcheck-v0.11.0.zip"

[[tools.typos]]
version = "1.44.0"
backend = "aqua:crate-ci/typos"

[tools.typos."platforms.linux-arm64"]
checksum = "sha256:132c20fc5e3c9ba540ec55a0a468dcb9c1504625a405df1c237b10dd4f2ec433"
url = "https://github.com/crate-ci/typos/releases/download/v1.44.0/typos-v1.44.0-aarch64-unknown-linux-musl.tar.gz"

[tools.typos."platforms.linux-x64"]
checksum = "sha256:1b788b7d764e2f20fe089487428a3944ed218d1fb6fcd8eac4230b5893a38779"
url = "https://github.com/crate-ci/typos/releases/download/v1.44.0/typos-v1.44.0-x86_64-unknown-linux-musl.tar.gz"

[tools.typos."platforms.macos-arm64"]
checksum = "sha256:ca82d593351dbac519a5c9fa832fc147b176d80100d00d08e855fcb46d43882d"
url = "https://github.com/crate-ci/typos/releases/download/v1.44.0/typos-v1.44.0-aarch64-apple-darwin.tar.gz"

[tools.typos."platforms.macos-x64"]
checksum = "sha256:70e7cbfd9c0bac3b27d096171413a8fff989cc9f9227d3ef66694ed99fdc7b5c"
url = "https://github.com/crate-ci/typos/releases/download/v1.44.0/typos-v1.44.0-x86_64-apple-darwin.tar.gz"

[tools.typos."platforms.windows-x64"]
checksum = "sha256:afd85c8f3c5c925ee7452389acdf70b048d8c6eae5e52a581e63a7d1b7655f17"
url = "https://github.com/crate-ci/typos/releases/download/v1.44.0/typos-v1.44.0-x86_64-pc-windows-msvc.zip"

[[tools.zizmor]]
version = "1.23.1"
backend = "aqua:zizmorcore/zizmor"

[tools.zizmor."platforms.linux-arm64"]
checksum = "sha256:3725d7cd7102e4d70827186389f7d5930b6878232930d0a3eb058d7e5b47e658"
url = "https://github.com/zizmorcore/zizmor/releases/download/v1.23.1/zizmor-aarch64-unknown-linux-gnu.tar.gz"

[tools.zizmor."platforms.linux-arm64-musl"]
checksum = "sha256:3725d7cd7102e4d70827186389f7d5930b6878232930d0a3eb058d7e5b47e658"
url = "https://github.com/zizmorcore/zizmor/releases/download/v1.23.1/zizmor-aarch64-unknown-linux-gnu.tar.gz"

[tools.zizmor."platforms.linux-x64"]
checksum = "sha256:67a8df0a14352dd81882e14876653d097b99b0f4f6b6fe798edc0320cff27aff"
url = "https://github.com/zizmorcore/zizmor/releases/download/v1.23.1/zizmor-x86_64-unknown-linux-gnu.tar.gz"
provenance = "github-attestations"

[tools.zizmor."platforms.linux-x64-musl"]
checksum = "sha256:67a8df0a14352dd81882e14876653d097b99b0f4f6b6fe798edc0320cff27aff"
url = "https://github.com/zizmorcore/zizmor/releases/download/v1.23.1/zizmor-x86_64-unknown-linux-gnu.tar.gz"

[tools.zizmor."platforms.macos-arm64"]
checksum = "sha256:2632561b974c69f952258c1ab4b7432d5c7f92e555704155c3ac28a2910bd717"
url = "https://github.com/zizmorcore/zizmor/releases/download/v1.23.1/zizmor-aarch64-apple-darwin.tar.gz"

[tools.zizmor."platforms.macos-x64"]
checksum = "sha256:89d5ed42081dd9d0433a10b7545fac42b35f1f030885c278b9712b32c66f2597"
url = "https://github.com/zizmorcore/zizmor/releases/download/v1.23.1/zizmor-x86_64-apple-darwin.tar.gz"

[tools.zizmor."platforms.windows-x64"]
checksum = "sha256:33c2293ff02834720dd7cd8b47348aafb2e95a19bdc993c0ecaca9c804ade92a"
url = "https://github.com/zizmorcore/zizmor/releases/download/v1.23.1/zizmor-x86_64-pc-windows-msvc.zip"
